
Microsoft Visual Studio Solution File, Format Version 12.00
# Visual Studio Version 17
VisualStudioVersion = 17.5.33530.505
MinimumVisualStudioVersion = 10.0.40219.1
Project("{FAE04EC0-301F-11D3-BF4B-00C04F79EFBC}") = "Lab 1 q 3", "Lab 1 q 3\Lab 1 q 3.csproj", "{95C415B2-7B2F-46CE-92A2-EF7A2B5566BB}"
EndProject
Global
	GlobalSection(SolutionConfigurationPlatforms) = preSolution
		Debug|Any CPU = Debug|Any CPU
		Release|Any CPU = Release|Any CPU
	EndGlobalSection
	GlobalSection(ProjectConfigurationPlatforms) = postSolution
		{95C415B2-7B2F-46CE-92A2-EF7A2B5566BB}.Debug|Any CPU.ActiveCfg = Debug|Any CPU
		{95C415B2-7B2F-46CE-92A2-EF7A2B5566BB}.Debug|Any CPU.Build.0 = Debug|Any CPU
		{95C415B2-7B2F-46CE-92A2-EF7A2B5566BB}.Release|Any CPU.ActiveCfg = Release|Any CPU
		{95C415B2-7B2F-46CE-92A2-EF7A2B5566BB}.Release|Any CPU.Build.0 = Release|Any CPU
	EndGlobalSection
	GlobalSection(SolutionProperties) = preSolution
		HideSolutionNode = FALSE
	EndGlobalSection
	GlobalSection(ExtensibilityGlobals) = postSolution
		SolutionGuid = {2208061B-CEB7-4C14-9C9D-6C08E57D64F1}
	EndGlobalSection
EndGlobal
