
Microsoft Visual Studio Solution File, Format Version 12.00
# Visual Studio Version 17
VisualStudioVersion = 17.5.33530.505
MinimumVisualStudioVersion = 10.0.40219.1
Project("{FAE04EC0-301F-11D3-BF4B-00C04F79EFBC}") = "Lab 5 Q 4", "Lab 5 Q 4\Lab 5 Q 4.csproj", "{584D83BF-6FA0-4519-B3CC-19A5B8AB291B}"
EndProject
Global
	GlobalSection(SolutionConfigurationPlatforms) = preSolution
		Debug|Any CPU = Debug|Any CPU
		Release|Any CPU = Release|Any CPU
	EndGlobalSection
	GlobalSection(ProjectConfigurationPlatforms) = postSolution
		{584D83BF-6FA0-4519-B3CC-19A5B8AB291B}.Debug|Any CPU.ActiveCfg = Debug|Any CPU
		{584D83BF-6FA0-4519-B3CC-19A5B8AB291B}.Debug|Any CPU.Build.0 = Debug|Any CPU
		{584D83BF-6FA0-4519-B3CC-19A5B8AB291B}.Release|Any CPU.ActiveCfg = Release|Any CPU
		{584D83BF-6FA0-4519-B3CC-19A5B8AB291B}.Release|Any CPU.Build.0 = Release|Any CPU
	EndGlobalSection
	GlobalSection(SolutionProperties) = preSolution
		HideSolutionNode = FALSE
	EndGlobalSection
	GlobalSection(ExtensibilityGlobals) = postSolution
		SolutionGuid = {8E33E8E1-A4D7-4E40-B610-BD9FC8388803}
	EndGlobalSection
EndGlobal
