
Microsoft Visual Studio Solution File, Format Version 12.00
# Visual Studio Version 17
VisualStudioVersion = 17.5.33530.505
MinimumVisualStudioVersion = 10.0.40219.1
Project("{FAE04EC0-301F-11D3-BF4B-00C04F79EFBC}") = "Lab 6 Q 7", "Lab 6 Q 7\Lab 6 Q 7.csproj", "{C9EAAD65-4D20-4F7D-810A-EAC5E4FAFFEA}"
EndProject
Global
	GlobalSection(SolutionConfigurationPlatforms) = preSolution
		Debug|Any CPU = Debug|Any CPU
		Release|Any CPU = Release|Any CPU
	EndGlobalSection
	GlobalSection(ProjectConfigurationPlatforms) = postSolution
		{C9EAAD65-4D20-4F7D-810A-EAC5E4FAFFEA}.Debug|Any CPU.ActiveCfg = Debug|Any CPU
		{C9EAAD65-4D20-4F7D-810A-EAC5E4FAFFEA}.Debug|Any CPU.Build.0 = Debug|Any CPU
		{C9EAAD65-4D20-4F7D-810A-EAC5E4FAFFEA}.Release|Any CPU.ActiveCfg = Release|Any CPU
		{C9EAAD65-4D20-4F7D-810A-EAC5E4FAFFEA}.Release|Any CPU.Build.0 = Release|Any CPU
	EndGlobalSection
	GlobalSection(SolutionProperties) = preSolution
		HideSolutionNode = FALSE
	EndGlobalSection
	GlobalSection(ExtensibilityGlobals) = postSolution
		SolutionGuid = {2CFBB017-E31E-4882-9C15-D1798B629890}
	EndGlobalSection
EndGlobal
