
Microsoft Visual Studio Solution File, Format Version 12.00
# Visual Studio Version 17
VisualStudioVersion = 17.5.33530.505
MinimumVisualStudioVersion = 10.0.40219.1
Project("{FAE04EC0-301F-11D3-BF4B-00C04F79EFBC}") = "Lab 1 Q 4", "Lab 1 Q 4\Lab 1 Q 4.csproj", "{9830D889-05F9-492E-9018-86D7601E87C3}"
EndProject
Global
	GlobalSection(SolutionConfigurationPlatforms) = preSolution
		Debug|Any CPU = Debug|Any CPU
		Release|Any CPU = Release|Any CPU
	EndGlobalSection
	GlobalSection(ProjectConfigurationPlatforms) = postSolution
		{9830D889-05F9-492E-9018-86D7601E87C3}.Debug|Any CPU.ActiveCfg = Debug|Any CPU
		{9830D889-05F9-492E-9018-86D7601E87C3}.Debug|Any CPU.Build.0 = Debug|Any CPU
		{9830D889-05F9-492E-9018-86D7601E87C3}.Release|Any CPU.ActiveCfg = Release|Any CPU
		{9830D889-05F9-492E-9018-86D7601E87C3}.Release|Any CPU.Build.0 = Release|Any CPU
	EndGlobalSection
	GlobalSection(SolutionProperties) = preSolution
		HideSolutionNode = FALSE
	EndGlobalSection
	GlobalSection(ExtensibilityGlobals) = postSolution
		SolutionGuid = {11792EE4-9B58-49DD-8D96-6428FF59663E}
	EndGlobalSection
EndGlobal
