
Microsoft Visual Studio Solution File, Format Version 12.00
# Visual Studio Version 17
VisualStudioVersion = 17.5.33530.505
MinimumVisualStudioVersion = 10.0.40219.1
Project("{FAE04EC0-301F-11D3-BF4B-00C04F79EFBC}") = "Lab 2 Q 1", "Lab 2 Q 1\Lab 2 Q 1.csproj", "{C274B64A-585B-4A48-BCE4-98B7C95ABD19}"
EndProject
Global
	GlobalSection(SolutionConfigurationPlatforms) = preSolution
		Debug|Any CPU = Debug|Any CPU
		Release|Any CPU = Release|Any CPU
	EndGlobalSection
	GlobalSection(ProjectConfigurationPlatforms) = postSolution
		{C274B64A-585B-4A48-BCE4-98B7C95ABD19}.Debug|Any CPU.ActiveCfg = Debug|Any CPU
		{C274B64A-585B-4A48-BCE4-98B7C95ABD19}.Debug|Any CPU.Build.0 = Debug|Any CPU
		{C274B64A-585B-4A48-BCE4-98B7C95ABD19}.Release|Any CPU.ActiveCfg = Release|Any CPU
		{C274B64A-585B-4A48-BCE4-98B7C95ABD19}.Release|Any CPU.Build.0 = Release|Any CPU
	EndGlobalSection
	GlobalSection(SolutionProperties) = preSolution
		HideSolutionNode = FALSE
	EndGlobalSection
	GlobalSection(ExtensibilityGlobals) = postSolution
		SolutionGuid = {A35CC1BC-C4B2-4401-83B8-661D51B9DDCE}
	EndGlobalSection
EndGlobal
