
Microsoft Visual Studio Solution File, Format Version 12.00
# Visual Studio Version 17
VisualStudioVersion = 17.5.33530.505
MinimumVisualStudioVersion = 10.0.40219.1
Project("{FAE04EC0-301F-11D3-BF4B-00C04F79EFBC}") = "Lab 6 Q 6", "Lab 6 Q 6\Lab 6 Q 6.csproj", "{D53C4A08-70AA-40D7-BBB7-71CA8A33C005}"
EndProject
Global
	GlobalSection(SolutionConfigurationPlatforms) = preSolution
		Debug|Any CPU = Debug|Any CPU
		Release|Any CPU = Release|Any CPU
	EndGlobalSection
	GlobalSection(ProjectConfigurationPlatforms) = postSolution
		{D53C4A08-70AA-40D7-BBB7-71CA8A33C005}.Debug|Any CPU.ActiveCfg = Debug|Any CPU
		{D53C4A08-70AA-40D7-BBB7-71CA8A33C005}.Debug|Any CPU.Build.0 = Debug|Any CPU
		{D53C4A08-70AA-40D7-BBB7-71CA8A33C005}.Release|Any CPU.ActiveCfg = Release|Any CPU
		{D53C4A08-70AA-40D7-BBB7-71CA8A33C005}.Release|Any CPU.Build.0 = Release|Any CPU
	EndGlobalSection
	GlobalSection(SolutionProperties) = preSolution
		HideSolutionNode = FALSE
	EndGlobalSection
	GlobalSection(ExtensibilityGlobals) = postSolution
		SolutionGuid = {FF574916-FA05-421E-990A-BD2465C7D2E2}
	EndGlobalSection
EndGlobal
